// !$*UTF8*$!
{
	archiveVersion = 1;
	classes = {
	};
	objectVersion = 51;
	objects = {

/* Begin PBXBuildFile section */
		34AF8D36D1FE97C19530A573 /* Pods_EmailClient.framework in Frameworks */ = {isa = PBXBuildFile; fileRef = F82D6980158885214C643315 /* Pods_EmailClient.framework */; };
		6EB5F73C8DCE3817CC7C8A66 /* Pods_EmailClient_EmailClientUITests.framework in Frameworks */ = {isa = PBXBuildFile; fileRef = 411045CFBD6B05899365CED4 /* Pods_EmailClient_EmailClientUITests.framework */; };
		B00658AC25D15D8400EA3BCA /* GoogleService-Info.plist in Resources */ = {isa = PBXBuildFile; fileRef = B00658AB25D15D8400EA3BCA /* GoogleService-Info.plist */; };
		B0115CE025FF3637008E8C00 /* MenuTableViewCell.swift in Sources */ = {isa = PBXBuildFile; fileRef = B0115CDF25FF3637008E8C00 /* MenuTableViewCell.swift */; };
		B0115CE525FF47FC008E8C00 /* ComposeViewController.swift in Sources */ = {isa = PBXBuildFile; fileRef = B0115CE425FF47FC008E8C00 /* ComposeViewController.swift */; };
		B011E62E25ECF88B002FDB34 /* FolderViewController.swift in Sources */ = {isa = PBXBuildFile; fileRef = B011E62825ECF88A002FDB34 /* FolderViewController.swift */; };
		B011E62F25ECF88B002FDB34 /* MessageComposeViewController.swift in Sources */ = {isa = PBXBuildFile; fileRef = B011E62925ECF88A002FDB34 /* MessageComposeViewController.swift */; };
		B011E63125ECF88B002FDB34 /* MenuViewController.swift in Sources */ = {isa = PBXBuildFile; fileRef = B011E62B25ECF88A002FDB34 /* MenuViewController.swift */; };
		B011E63225ECF88B002FDB34 /* LoginViewController.swift in Sources */ = {isa = PBXBuildFile; fileRef = B011E62C25ECF88A002FDB34 /* LoginViewController.swift */; };
		B01CC07D2605A2AF0050A157 /* GMailAPIService.swift in Sources */ = {isa = PBXBuildFile; fileRef = B01CC07C2605A2AF0050A157 /* GMailAPIService.swift */; };
		B01CC0852605A4B50050A157 /* Thread.swift in Sources */ = {isa = PBXBuildFile; fileRef = B01CC0842605A4B50050A157 /* Thread.swift */; };
		B01CC08A2605A5270050A157 /* History.swift in Sources */ = {isa = PBXBuildFile; fileRef = B01CC0892605A5270050A157 /* History.swift */; };
		B01CC0972605D2520050A157 /* SyncService.swift in Sources */ = {isa = PBXBuildFile; fileRef = B01CC0962605D2520050A157 /* SyncService.swift */; };
		B01CC09C260628B70050A157 /* MessageViewCell.swift in Sources */ = {isa = PBXBuildFile; fileRef = B01CC09B260628B70050A157 /* MessageViewCell.swift */; };
		B025A71D260F5D2900E2C771 /* Thread+CoreDataClass.swift in Sources */ = {isa = PBXBuildFile; fileRef = B025A71B260F5D2900E2C771 /* Thread+CoreDataClass.swift */; };
		B025A71E260F5D2900E2C771 /* Thread+CoreDataProperties.swift in Sources */ = {isa = PBXBuildFile; fileRef = B025A71C260F5D2900E2C771 /* Thread+CoreDataProperties.swift */; };
		B025A726260F7D2F00E2C771 /* Label+CoreDataClass.swift in Sources */ = {isa = PBXBuildFile; fileRef = B025A722260F7D2F00E2C771 /* Label+CoreDataClass.swift */; };
		B025A727260F7D2F00E2C771 /* Label+CoreDataProperties.swift in Sources */ = {isa = PBXBuildFile; fileRef = B025A723260F7D2F00E2C771 /* Label+CoreDataProperties.swift */; };
		B025A728260F7D2F00E2C771 /* Message+CoreDataClass.swift in Sources */ = {isa = PBXBuildFile; fileRef = B025A724260F7D2F00E2C771 /* Message+CoreDataClass.swift */; };
		B025A729260F7D2F00E2C771 /* Message+CoreDataProperties.swift in Sources */ = {isa = PBXBuildFile; fileRef = B025A725260F7D2F00E2C771 /* Message+CoreDataProperties.swift */; };
		B029EF1C26072338004043BF /* Label.swift in Sources */ = {isa = PBXBuildFile; fileRef = B029EF1B26072338004043BF /* Label.swift */; };
		B02ABB9A25F9F330000C2B15 /* ThreadDetailViewController.swift in Sources */ = {isa = PBXBuildFile; fileRef = B02ABB9925F9F330000C2B15 /* ThreadDetailViewController.swift */; };
		B034C40B260D7B78002731D0 /* ThreadService.swift in Sources */ = {isa = PBXBuildFile; fileRef = B034C40A260D7B78002731D0 /* ThreadService.swift */; };
		B034C410260D8232002731D0 /* DBService.swift in Sources */ = {isa = PBXBuildFile; fileRef = B034C40F260D8232002731D0 /* DBService.swift */; };
		B034C418260D8339002731D0 /* MessageService.swift in Sources */ = {isa = PBXBuildFile; fileRef = B034C417260D8339002731D0 /* MessageService.swift */; };
		B04497DE26086CDC00CEF71A /* Attachment.swift in Sources */ = {isa = PBXBuildFile; fileRef = B04497DD26086CDC00CEF71A /* Attachment.swift */; };
		B04497E3260872E700CEF71A /* AttachmentPreviewController.swift in Sources */ = {isa = PBXBuildFile; fileRef = B04497E2260872E700CEF71A /* AttachmentPreviewController.swift */; };
		B044EC5925E3418B00826E15 /* ThreadTableViewCell.swift in Sources */ = {isa = PBXBuildFile; fileRef = B044EC5725E3418B00826E15 /* ThreadTableViewCell.swift */; };
		B04B64092611754D0076FD59 /* StateMO+CoreDataClass.swift in Sources */ = {isa = PBXBuildFile; fileRef = B04B64072611754D0076FD59 /* StateMO+CoreDataClass.swift */; };
		B04B640A2611754D0076FD59 /* StateMO+CoreDataProperties.swift in Sources */ = {isa = PBXBuildFile; fileRef = B04B64082611754D0076FD59 /* StateMO+CoreDataProperties.swift */; };
		B058DF992612C547006B8491 /* AttachmentService.swift in Sources */ = {isa = PBXBuildFile; fileRef = B058DF982612C547006B8491 /* AttachmentService.swift */; };
		B058DF9F2612EDDB006B8491 /* AttachmentMO+CoreDataClass.swift in Sources */ = {isa = PBXBuildFile; fileRef = B058DF9D2612EDDB006B8491 /* AttachmentMO+CoreDataClass.swift */; };
		B058DFA02612EDDB006B8491 /* AttachmentMO+CoreDataProperties.swift in Sources */ = {isa = PBXBuildFile; fileRef = B058DF9E2612EDDB006B8491 /* AttachmentMO+CoreDataProperties.swift */; };
		B058DFA82612EEEC006B8491 /* AttachmentVM.swift in Sources */ = {isa = PBXBuildFile; fileRef = B058DFA72612EEEC006B8491 /* AttachmentVM.swift */; };
		B06FBC0025E7B859008AB0A7 /* MessageComponentExtractor.swift in Sources */ = {isa = PBXBuildFile; fileRef = B06FBBFF25E7B859008AB0A7 /* MessageComponentExtractor.swift */; };
		B07D68AE261022E100314FE3 /* ViewModel.swift in Sources */ = {isa = PBXBuildFile; fileRef = B07D68AD261022E100314FE3 /* ViewModel.swift */; };
		B07D68B62610230100314FE3 /* ThreadVM.swift in Sources */ = {isa = PBXBuildFile; fileRef = B07D68B52610230100314FE3 /* ThreadVM.swift */; };
		B07D68BE2610236800314FE3 /* MessageVM.swift in Sources */ = {isa = PBXBuildFile; fileRef = B07D68BD2610236800314FE3 /* MessageVM.swift */; };
		B07D68FE261073AD00314FE3 /* Model.xcdatamodeld in Sources */ = {isa = PBXBuildFile; fileRef = B07D68FC261073AD00314FE3 /* Model.xcdatamodeld */; };
		B0834B7D25D14D93008E1807 /* AppDelegate.swift in Sources */ = {isa = PBXBuildFile; fileRef = B0834B7C25D14D93008E1807 /* AppDelegate.swift */; };
		B0834B7F25D14D93008E1807 /* SceneDelegate.swift in Sources */ = {isa = PBXBuildFile; fileRef = B0834B7E25D14D93008E1807 /* SceneDelegate.swift */; };
		B0834B8625D14D94008E1807 /* Assets.xcassets in Resources */ = {isa = PBXBuildFile; fileRef = B0834B8525D14D94008E1807 /* Assets.xcassets */; };
		B0834B8925D14D94008E1807 /* LaunchScreen.storyboard in Resources */ = {isa = PBXBuildFile; fileRef = B0834B8725D14D94008E1807 /* LaunchScreen.storyboard */; };
		B0834B9425D14D94008E1807 /* EmailClientTests.swift in Sources */ = {isa = PBXBuildFile; fileRef = B0834B9325D14D94008E1807 /* EmailClientTests.swift */; };
		B0834B9F25D14D94008E1807 /* EmailClientUITests.swift in Sources */ = {isa = PBXBuildFile; fileRef = B0834B9E25D14D94008E1807 /* EmailClientUITests.swift */; };
		B0A7272B26141F1E00D2ADBC /* Managed.swift in Sources */ = {isa = PBXBuildFile; fileRef = B0A7272A26141F1E00D2ADBC /* Managed.swift */; };
		B0A72736261446C300D2ADBC /* AttachmentCollectionViewCell.swift in Sources */ = {isa = PBXBuildFile; fileRef = B0ED901725FA7B5500163189 /* AttachmentCollectionViewCell.swift */; };
		B0A7273F26144D4D00D2ADBC /* CollectionViewDataSource.swift in Sources */ = {isa = PBXBuildFile; fileRef = B0A7273E26144D4D00D2ADBC /* CollectionViewDataSource.swift */; };
		B0A727802614D2FF00D2ADBC /* AttachmentsView.swift in Sources */ = {isa = PBXBuildFile; fileRef = B0A7277F2614D2FF00D2ADBC /* AttachmentsView.swift */; };
		B0BB19B82600CFC7007A56B5 /* Constraints.swift in Sources */ = {isa = PBXBuildFile; fileRef = B0BB19B72600CFC7007A56B5 /* Constraints.swift */; };
		B0C847EC25D4D060004A0861 /* Networker.swift in Sources */ = {isa = PBXBuildFile; fileRef = B0C847EB25D4D060004A0861 /* Networker.swift */; };
		B0C847F425D573C2004A0861 /* Message.swift in Sources */ = {isa = PBXBuildFile; fileRef = B0C847F325D573C2004A0861 /* Message.swift */; };
		B0DC382E261763B10065B0B6 /* TableViewDataSource.swift in Sources */ = {isa = PBXBuildFile; fileRef = B0DC382D261763B10065B0B6 /* TableViewDataSource.swift */; };
		B0F51B7226039FA200785697 /* SplitViewController.swift in Sources */ = {isa = PBXBuildFile; fileRef = B0F51B7126039FA200785697 /* SplitViewController.swift */; };
		D5AECE9D13C10ED8F5CA5182 /* Pods_EmailClientTests.framework in Frameworks */ = {isa = PBXBuildFile; fileRef = 4F8C58EFDEA9FDD4D0CD5E33 /* Pods_EmailClientTests.framework */; };
/* End PBXBuildFile section */

/* Begin PBXContainerItemProxy section */
		B0834B9025D14D94008E1807 /* PBXContainerItemProxy */ = {
			isa = PBXContainerItemProxy;
			containerPortal = B0834B7125D14D93008E1807 /* Project object */;
			proxyType = 1;
			remoteGlobalIDString = B0834B7825D14D93008E1807;
			remoteInfo = EmailClient;
		};
		B0834B9B25D14D94008E1807 /* PBXContainerItemProxy */ = {
			isa = PBXContainerItemProxy;
			containerPortal = B0834B7125D14D93008E1807 /* Project object */;
			proxyType = 1;
			remoteGlobalIDString = B0834B7825D14D93008E1807;
			remoteInfo = EmailClient;
		};
/* End PBXContainerItemProxy section */

/* Begin PBXFileReference section */
		411045CFBD6B05899365CED4 /* Pods_EmailClient_EmailClientUITests.framework */ = {isa = PBXFileReference; explicitFileType = wrapper.framework; includeInIndex = 0; path = Pods_EmailClient_EmailClientUITests.framework; sourceTree = BUILT_PRODUCTS_DIR; };
		4F8C58EFDEA9FDD4D0CD5E33 /* Pods_EmailClientTests.framework */ = {isa = PBXFileReference; explicitFileType = wrapper.framework; includeInIndex = 0; path = Pods_EmailClientTests.framework; sourceTree = BUILT_PRODUCTS_DIR; };
		65013F0342BD6D4024037991 /* Pods-EmailClient-EmailClientUITests.release.xcconfig */ = {isa = PBXFileReference; includeInIndex = 1; lastKnownFileType = text.xcconfig; name = "Pods-EmailClient-EmailClientUITests.release.xcconfig"; path = "Target Support Files/Pods-EmailClient-EmailClientUITests/Pods-EmailClient-EmailClientUITests.release.xcconfig"; sourceTree = "<group>"; };
		66B8AF53C7409609D21A5DB2 /* Pods-EmailClient-EmailClientUITests.debug.xcconfig */ = {isa = PBXFileReference; includeInIndex = 1; lastKnownFileType = text.xcconfig; name = "Pods-EmailClient-EmailClientUITests.debug.xcconfig"; path = "Target Support Files/Pods-EmailClient-EmailClientUITests/Pods-EmailClient-EmailClientUITests.debug.xcconfig"; sourceTree = "<group>"; };
		9F03F03FD61CF656B5016E9E /* Pods-EmailClient.debug.xcconfig */ = {isa = PBXFileReference; includeInIndex = 1; lastKnownFileType = text.xcconfig; name = "Pods-EmailClient.debug.xcconfig"; path = "Target Support Files/Pods-EmailClient/Pods-EmailClient.debug.xcconfig"; sourceTree = "<group>"; };
		B00658AB25D15D8400EA3BCA /* GoogleService-Info.plist */ = {isa = PBXFileReference; fileEncoding = 4; lastKnownFileType = text.plist.xml; name = "GoogleService-Info.plist"; path = "../../../../Downloads/GoogleService-Info.plist"; sourceTree = "<group>"; };
		B0115CDF25FF3637008E8C00 /* MenuTableViewCell.swift */ = {isa = PBXFileReference; lastKnownFileType = sourcecode.swift; path = MenuTableViewCell.swift; sourceTree = "<group>"; };
		B0115CE425FF47FC008E8C00 /* ComposeViewController.swift */ = {isa = PBXFileReference; lastKnownFileType = sourcecode.swift; path = ComposeViewController.swift; sourceTree = "<group>"; };
		B011E62825ECF88A002FDB34 /* FolderViewController.swift */ = {isa = PBXFileReference; fileEncoding = 4; lastKnownFileType = sourcecode.swift; path = FolderViewController.swift; sourceTree = "<group>"; };
		B011E62925ECF88A002FDB34 /* MessageComposeViewController.swift */ = {isa = PBXFileReference; fileEncoding = 4; lastKnownFileType = sourcecode.swift; path = MessageComposeViewController.swift; sourceTree = "<group>"; };
		B011E62B25ECF88A002FDB34 /* MenuViewController.swift */ = {isa = PBXFileReference; fileEncoding = 4; lastKnownFileType = sourcecode.swift; path = MenuViewController.swift; sourceTree = "<group>"; };
		B011E62C25ECF88A002FDB34 /* LoginViewController.swift */ = {isa = PBXFileReference; fileEncoding = 4; lastKnownFileType = sourcecode.swift; path = LoginViewController.swift; sourceTree = "<group>"; };
		B01CC07C2605A2AF0050A157 /* GMailAPIService.swift */ = {isa = PBXFileReference; lastKnownFileType = sourcecode.swift; path = GMailAPIService.swift; sourceTree = "<group>"; };
		B01CC0842605A4B50050A157 /* Thread.swift */ = {isa = PBXFileReference; lastKnownFileType = sourcecode.swift; path = Thread.swift; sourceTree = "<group>"; };
		B01CC0892605A5270050A157 /* History.swift */ = {isa = PBXFileReference; lastKnownFileType = sourcecode.swift; path = History.swift; sourceTree = "<group>"; };
		B01CC0962605D2520050A157 /* SyncService.swift */ = {isa = PBXFileReference; lastKnownFileType = sourcecode.swift; path = SyncService.swift; sourceTree = "<group>"; };
		B01CC09B260628B70050A157 /* MessageViewCell.swift */ = {isa = PBXFileReference; lastKnownFileType = sourcecode.swift; path = MessageViewCell.swift; sourceTree = "<group>"; };
		B025A71B260F5D2900E2C771 /* Thread+CoreDataClass.swift */ = {isa = PBXFileReference; lastKnownFileType = sourcecode.swift; name = "Thread+CoreDataClass.swift"; path = "/Users/sv/Documents/Dev/EmailClient/EmailClient/Model/CoreData/Thread+CoreDataClass.swift"; sourceTree = "<absolute>"; };
		B025A71C260F5D2900E2C771 /* Thread+CoreDataProperties.swift */ = {isa = PBXFileReference; lastKnownFileType = sourcecode.swift; name = "Thread+CoreDataProperties.swift"; path = "/Users/sv/Documents/Dev/EmailClient/EmailClient/Model/CoreData/Thread+CoreDataProperties.swift"; sourceTree = "<absolute>"; };
		B025A722260F7D2F00E2C771 /* Label+CoreDataClass.swift */ = {isa = PBXFileReference; lastKnownFileType = sourcecode.swift; path = "Label+CoreDataClass.swift"; sourceTree = "<group>"; };
		B025A723260F7D2F00E2C771 /* Label+CoreDataProperties.swift */ = {isa = PBXFileReference; lastKnownFileType = sourcecode.swift; path = "Label+CoreDataProperties.swift"; sourceTree = "<group>"; };
		B025A724260F7D2F00E2C771 /* Message+CoreDataClass.swift */ = {isa = PBXFileReference; lastKnownFileType = sourcecode.swift; path = "Message+CoreDataClass.swift"; sourceTree = "<group>"; };
		B025A725260F7D2F00E2C771 /* Message+CoreDataProperties.swift */ = {isa = PBXFileReference; lastKnownFileType = sourcecode.swift; path = "Message+CoreDataProperties.swift"; sourceTree = "<group>"; };
		B029EF1B26072338004043BF /* Label.swift */ = {isa = PBXFileReference; lastKnownFileType = sourcecode.swift; path = Label.swift; sourceTree = "<group>"; };
		B02ABB9925F9F330000C2B15 /* ThreadDetailViewController.swift */ = {isa = PBXFileReference; lastKnownFileType = sourcecode.swift; path = ThreadDetailViewController.swift; sourceTree = "<group>"; };
		B034C40A260D7B78002731D0 /* ThreadService.swift */ = {isa = PBXFileReference; lastKnownFileType = sourcecode.swift; path = ThreadService.swift; sourceTree = "<group>"; };
		B034C40F260D8232002731D0 /* DBService.swift */ = {isa = PBXFileReference; lastKnownFileType = sourcecode.swift; path = DBService.swift; sourceTree = "<group>"; };
		B034C417260D8339002731D0 /* MessageService.swift */ = {isa = PBXFileReference; lastKnownFileType = sourcecode.swift; path = MessageService.swift; sourceTree = "<group>"; };
		B04497DD26086CDC00CEF71A /* Attachment.swift */ = {isa = PBXFileReference; lastKnownFileType = sourcecode.swift; path = Attachment.swift; sourceTree = "<group>"; };
		B04497E2260872E700CEF71A /* AttachmentPreviewController.swift */ = {isa = PBXFileReference; lastKnownFileType = sourcecode.swift; path = AttachmentPreviewController.swift; sourceTree = "<group>"; };
		B044EC5725E3418B00826E15 /* ThreadTableViewCell.swift */ = {isa = PBXFileReference; lastKnownFileType = sourcecode.swift; path = ThreadTableViewCell.swift; sourceTree = "<group>"; };
		B04B64072611754D0076FD59 /* StateMO+CoreDataClass.swift */ = {isa = PBXFileReference; lastKnownFileType = sourcecode.swift; path = "StateMO+CoreDataClass.swift"; sourceTree = "<group>"; };
		B04B64082611754D0076FD59 /* StateMO+CoreDataProperties.swift */ = {isa = PBXFileReference; lastKnownFileType = sourcecode.swift; path = "StateMO+CoreDataProperties.swift"; sourceTree = "<group>"; };
		B058DF982612C547006B8491 /* AttachmentService.swift */ = {isa = PBXFileReference; lastKnownFileType = sourcecode.swift; path = AttachmentService.swift; sourceTree = "<group>"; };
		B058DF9D2612EDDB006B8491 /* AttachmentMO+CoreDataClass.swift */ = {isa = PBXFileReference; lastKnownFileType = sourcecode.swift; path = "AttachmentMO+CoreDataClass.swift"; sourceTree = "<group>"; };
		B058DF9E2612EDDB006B8491 /* AttachmentMO+CoreDataProperties.swift */ = {isa = PBXFileReference; lastKnownFileType = sourcecode.swift; path = "AttachmentMO+CoreDataProperties.swift"; sourceTree = "<group>"; };
		B058DFA72612EEEC006B8491 /* AttachmentVM.swift */ = {isa = PBXFileReference; lastKnownFileType = sourcecode.swift; path = AttachmentVM.swift; sourceTree = "<group>"; };
		B06FBBFF25E7B859008AB0A7 /* MessageComponentExtractor.swift */ = {isa = PBXFileReference; lastKnownFileType = sourcecode.swift; path = MessageComponentExtractor.swift; sourceTree = "<group>"; };
		B07D68AD261022E100314FE3 /* ViewModel.swift */ = {isa = PBXFileReference; lastKnownFileType = sourcecode.swift; path = ViewModel.swift; sourceTree = "<group>"; };
		B07D68B52610230100314FE3 /* ThreadVM.swift */ = {isa = PBXFileReference; lastKnownFileType = sourcecode.swift; path = ThreadVM.swift; sourceTree = "<group>"; };
		B07D68BD2610236800314FE3 /* MessageVM.swift */ = {isa = PBXFileReference; lastKnownFileType = sourcecode.swift; path = MessageVM.swift; sourceTree = "<group>"; };
		B07D68FD261073AD00314FE3 /* Model.xcdatamodel */ = {isa = PBXFileReference; lastKnownFileType = wrapper.xcdatamodel; path = Model.xcdatamodel; sourceTree = "<group>"; };
		B0834B7925D14D93008E1807 /* EmailClient.app */ = {isa = PBXFileReference; explicitFileType = wrapper.application; includeInIndex = 0; path = EmailClient.app; sourceTree = BUILT_PRODUCTS_DIR; };
		B0834B7C25D14D93008E1807 /* AppDelegate.swift */ = {isa = PBXFileReference; lastKnownFileType = sourcecode.swift; path = AppDelegate.swift; sourceTree = "<group>"; };
		B0834B7E25D14D93008E1807 /* SceneDelegate.swift */ = {isa = PBXFileReference; lastKnownFileType = sourcecode.swift; path = SceneDelegate.swift; sourceTree = "<group>"; };
		B0834B8525D14D94008E1807 /* Assets.xcassets */ = {isa = PBXFileReference; lastKnownFileType = folder.assetcatalog; path = Assets.xcassets; sourceTree = "<group>"; };
		B0834B8825D14D94008E1807 /* Base */ = {isa = PBXFileReference; lastKnownFileType = file.storyboard; name = Base; path = Base.lproj/LaunchScreen.storyboard; sourceTree = "<group>"; };
		B0834B8A25D14D94008E1807 /* Info.plist */ = {isa = PBXFileReference; lastKnownFileType = text.plist.xml; path = Info.plist; sourceTree = "<group>"; };
		B0834B8F25D14D94008E1807 /* EmailClientTests.xctest */ = {isa = PBXFileReference; explicitFileType = wrapper.cfbundle; includeInIndex = 0; path = EmailClientTests.xctest; sourceTree = BUILT_PRODUCTS_DIR; };
		B0834B9325D14D94008E1807 /* EmailClientTests.swift */ = {isa = PBXFileReference; lastKnownFileType = sourcecode.swift; path = EmailClientTests.swift; sourceTree = "<group>"; };
		B0834B9525D14D94008E1807 /* Info.plist */ = {isa = PBXFileReference; lastKnownFileType = text.plist.xml; path = Info.plist; sourceTree = "<group>"; };
		B0834B9A25D14D94008E1807 /* EmailClientUITests.xctest */ = {isa = PBXFileReference; explicitFileType = wrapper.cfbundle; includeInIndex = 0; path = EmailClientUITests.xctest; sourceTree = BUILT_PRODUCTS_DIR; };
		B0834B9E25D14D94008E1807 /* EmailClientUITests.swift */ = {isa = PBXFileReference; lastKnownFileType = sourcecode.swift; path = EmailClientUITests.swift; sourceTree = "<group>"; };
		B0834BA025D14D94008E1807 /* Info.plist */ = {isa = PBXFileReference; lastKnownFileType = text.plist.xml; path = Info.plist; sourceTree = "<group>"; };
		B0A7272A26141F1E00D2ADBC /* Managed.swift */ = {isa = PBXFileReference; lastKnownFileType = sourcecode.swift; path = Managed.swift; sourceTree = "<group>"; };
		B0A7273E26144D4D00D2ADBC /* CollectionViewDataSource.swift */ = {isa = PBXFileReference; lastKnownFileType = sourcecode.swift; path = CollectionViewDataSource.swift; sourceTree = "<group>"; };
		B0A7277F2614D2FF00D2ADBC /* AttachmentsView.swift */ = {isa = PBXFileReference; lastKnownFileType = sourcecode.swift; path = AttachmentsView.swift; sourceTree = "<group>"; };
		B0BB19B72600CFC7007A56B5 /* Constraints.swift */ = {isa = PBXFileReference; lastKnownFileType = sourcecode.swift; path = Constraints.swift; sourceTree = "<group>"; };
		B0C847EB25D4D060004A0861 /* Networker.swift */ = {isa = PBXFileReference; lastKnownFileType = sourcecode.swift; path = Networker.swift; sourceTree = "<group>"; };
		B0C847F325D573C2004A0861 /* Message.swift */ = {isa = PBXFileReference; lastKnownFileType = sourcecode.swift; path = Message.swift; sourceTree = "<group>"; };
		B0DC382D261763B10065B0B6 /* TableViewDataSource.swift */ = {isa = PBXFileReference; lastKnownFileType = sourcecode.swift; path = TableViewDataSource.swift; sourceTree = "<group>"; };
		B0ED901725FA7B5500163189 /* AttachmentCollectionViewCell.swift */ = {isa = PBXFileReference; lastKnownFileType = sourcecode.swift; path = AttachmentCollectionViewCell.swift; sourceTree = "<group>"; };
		B0F51B7126039FA200785697 /* SplitViewController.swift */ = {isa = PBXFileReference; lastKnownFileType = sourcecode.swift; path = SplitViewController.swift; sourceTree = "<group>"; };
		BD13B9A2896D029BEE64B60E /* Pods-EmailClientTests.release.xcconfig */ = {isa = PBXFileReference; includeInIndex = 1; lastKnownFileType = text.xcconfig; name = "Pods-EmailClientTests.release.xcconfig"; path = "Target Support Files/Pods-EmailClientTests/Pods-EmailClientTests.release.xcconfig"; sourceTree = "<group>"; };
		C1F24DB09AC0A28B1F566B10 /* Pods-EmailClient.release.xcconfig */ = {isa = PBXFileReference; includeInIndex = 1; lastKnownFileType = text.xcconfig; name = "Pods-EmailClient.release.xcconfig"; path = "Target Support Files/Pods-EmailClient/Pods-EmailClient.release.xcconfig"; sourceTree = "<group>"; };
		C37C13FF2B2185BCF1E12D5B /* Pods-EmailClientTests.debug.xcconfig */ = {isa = PBXFileReference; includeInIndex = 1; lastKnownFileType = text.xcconfig; name = "Pods-EmailClientTests.debug.xcconfig"; path = "Target Support Files/Pods-EmailClientTests/Pods-EmailClientTests.debug.xcconfig"; sourceTree = "<group>"; };
		F82D6980158885214C643315 /* Pods_EmailClient.framework */ = {isa = PBXFileReference; explicitFileType = wrapper.framework; includeInIndex = 0; path = Pods_EmailClient.framework; sourceTree = BUILT_PRODUCTS_DIR; };
/* End PBXFileReference section */

/* Begin PBXFrameworksBuildPhase section */
		B0834B7625D14D93008E1807 /* Frameworks */ = {
			isa = PBXFrameworksBuildPhase;
			buildActionMask = 2147483647;
			files = (
				34AF8D36D1FE97C19530A573 /* Pods_EmailClient.framework in Frameworks */,
			);
			runOnlyForDeploymentPostprocessing = 0;
		};
		B0834B8C25D14D94008E1807 /* Frameworks */ = {
			isa = PBXFrameworksBuildPhase;
			buildActionMask = 2147483647;
			files = (
				D5AECE9D13C10ED8F5CA5182 /* Pods_EmailClientTests.framework in Frameworks */,
			);
			runOnlyForDeploymentPostprocessing = 0;
		};
		B0834B9725D14D94008E1807 /* Frameworks */ = {
			isa = PBXFrameworksBuildPhase;
			buildActionMask = 2147483647;
			files = (
				6EB5F73C8DCE3817CC7C8A66 /* Pods_EmailClient_EmailClientUITests.framework in Frameworks */,
			);
			runOnlyForDeploymentPostprocessing = 0;
		};
/* End PBXFrameworksBuildPhase section */

/* Begin PBXGroup section */
		B011E62725ECF874002FDB34 /* ViewControllers */ = {
			isa = PBXGroup;
			children = (
				B011E62825ECF88A002FDB34 /* FolderViewController.swift */,
				B011E62C25ECF88A002FDB34 /* LoginViewController.swift */,
				B011E62B25ECF88A002FDB34 /* MenuViewController.swift */,
				B011E62925ECF88A002FDB34 /* MessageComposeViewController.swift */,
				B02ABB9925F9F330000C2B15 /* ThreadDetailViewController.swift */,
				B0115CE425FF47FC008E8C00 /* ComposeViewController.swift */,
				B0F51B7126039FA200785697 /* SplitViewController.swift */,
				B04497E2260872E700CEF71A /* AttachmentPreviewController.swift */,
			);
			path = ViewControllers;
			sourceTree = "<group>";
		};
		B011E63D25ECFA59002FDB34 /* Model */ = {
			isa = PBXGroup;
			children = (
				B07D68AC261022C300314FE3 /* ViewModel */,
				B0CA553B2610131D007B9D22 /* GMailAPI */,
				B0CA553A261012FC007B9D22 /* CoreData */,
			);
			path = Model;
			sourceTree = "<group>";
		};
		B01CC07B2605A2A10050A157 /* Service */ = {
			isa = PBXGroup;
			children = (
				B01CC07C2605A2AF0050A157 /* GMailAPIService.swift */,
				B01CC0962605D2520050A157 /* SyncService.swift */,
				B034C40A260D7B78002731D0 /* ThreadService.swift */,
				B034C40F260D8232002731D0 /* DBService.swift */,
				B034C417260D8339002731D0 /* MessageService.swift */,
				B058DF982612C547006B8491 /* AttachmentService.swift */,
			);
			path = Service;
			sourceTree = "<group>";
		};
		B04497EC2608BB8A00CEF71A /* Loader */ = {
			isa = PBXGroup;
			children = (
				B0A7273E26144D4D00D2ADBC /* CollectionViewDataSource.swift */,
				B0DC382D261763B10065B0B6 /* TableViewDataSource.swift */,
			);
			path = Loader;
			sourceTree = "<group>";
		};
		B04806A425F7ADE4005C1725 /* Cells */ = {
			isa = PBXGroup;
			children = (
				B0ED901725FA7B5500163189 /* AttachmentCollectionViewCell.swift */,
				B01CC09B260628B70050A157 /* MessageViewCell.swift */,
				B044EC5725E3418B00826E15 /* ThreadTableViewCell.swift */,
				B0115CDF25FF3637008E8C00 /* MenuTableViewCell.swift */,
				B0A7277F2614D2FF00D2ADBC /* AttachmentsView.swift */,
			);
			path = Cells;
			sourceTree = "<group>";
		};
		B07D68AC261022C300314FE3 /* ViewModel */ = {
			isa = PBXGroup;
			children = (
				B07D68AD261022E100314FE3 /* ViewModel.swift */,
				B07D68B52610230100314FE3 /* ThreadVM.swift */,
				B07D68BD2610236800314FE3 /* MessageVM.swift */,
				B058DFA72612EEEC006B8491 /* AttachmentVM.swift */,
			);
			path = ViewModel;
			sourceTree = "<group>";
		};
		B0834B7025D14D93008E1807 = {
			isa = PBXGroup;
			children = (
				B0834B7B25D14D93008E1807 /* EmailClient */,
				B0834B9225D14D94008E1807 /* EmailClientTests */,
				B0834B9D25D14D94008E1807 /* EmailClientUITests */,
				CD26253CD34A6B08BA4B2A02 /* Frameworks */,
				DC34BB1F467873DDDDB36F69 /* Pods */,
				B0834B7A25D14D93008E1807 /* Products */,
			);
			sourceTree = "<group>";
		};
		B0834B7A25D14D93008E1807 /* Products */ = {
			isa = PBXGroup;
			children = (
				B0834B7925D14D93008E1807 /* EmailClient.app */,
				B0834B8F25D14D94008E1807 /* EmailClientTests.xctest */,
				B0834B9A25D14D94008E1807 /* EmailClientUITests.xctest */,
			);
			name = Products;
			sourceTree = "<group>";
		};
		B0834B7B25D14D93008E1807 /* EmailClient */ = {
			isa = PBXGroup;
			children = (
				B00658AB25D15D8400EA3BCA /* GoogleService-Info.plist */,
				B0834B8A25D14D94008E1807 /* Info.plist */,
				B07D68FC261073AD00314FE3 /* Model.xcdatamodeld */,
				B0834B7C25D14D93008E1807 /* AppDelegate.swift */,
				B0834B7E25D14D93008E1807 /* SceneDelegate.swift */,
				B0834B8525D14D94008E1807 /* Assets.xcassets */,
				B0834B8725D14D94008E1807 /* LaunchScreen.storyboard */,
				B04806A425F7ADE4005C1725 /* Cells */,
				B04497EC2608BB8A00CEF71A /* Loader */,
				B011E63D25ECFA59002FDB34 /* Model */,
				B01CC07B2605A2A10050A157 /* Service */,
				B0A727352614466C00D2ADBC /* Utils */,
				B011E62725ECF874002FDB34 /* ViewControllers */,
			);
			path = EmailClient;
			sourceTree = "<group>";
			usesTabs = 0;
		};
		B0834B9225D14D94008E1807 /* EmailClientTests */ = {
			isa = PBXGroup;
			children = (
				B0834B9325D14D94008E1807 /* EmailClientTests.swift */,
				B0834B9525D14D94008E1807 /* Info.plist */,
			);
			path = EmailClientTests;
			sourceTree = "<group>";
		};
		B0834B9D25D14D94008E1807 /* EmailClientUITests */ = {
			isa = PBXGroup;
			children = (
				B0834B9E25D14D94008E1807 /* EmailClientUITests.swift */,
				B0834BA025D14D94008E1807 /* Info.plist */,
			);
			path = EmailClientUITests;
			sourceTree = "<group>";
		};
		B0A727352614466C00D2ADBC /* Utils */ = {
			isa = PBXGroup;
			children = (
				B04497DD26086CDC00CEF71A /* Attachment.swift */,
				B0BB19B72600CFC7007A56B5 /* Constraints.swift */,
				B06FBBFF25E7B859008AB0A7 /* MessageComponentExtractor.swift */,
				B0C847EB25D4D060004A0861 /* Networker.swift */,
			);
			path = Utils;
			sourceTree = "<group>";
		};
		B0CA553A261012FC007B9D22 /* CoreData */ = {
			isa = PBXGroup;
			children = (
				B058DF9D2612EDDB006B8491 /* AttachmentMO+CoreDataClass.swift */,
				B058DF9E2612EDDB006B8491 /* AttachmentMO+CoreDataProperties.swift */,
				B04B64072611754D0076FD59 /* StateMO+CoreDataClass.swift */,
				B04B64082611754D0076FD59 /* StateMO+CoreDataProperties.swift */,
				B025A71B260F5D2900E2C771 /* Thread+CoreDataClass.swift */,
				B025A71C260F5D2900E2C771 /* Thread+CoreDataProperties.swift */,
				B025A722260F7D2F00E2C771 /* Label+CoreDataClass.swift */,
				B025A723260F7D2F00E2C771 /* Label+CoreDataProperties.swift */,
				B025A724260F7D2F00E2C771 /* Message+CoreDataClass.swift */,
				B025A725260F7D2F00E2C771 /* Message+CoreDataProperties.swift */,
				B0A7272A26141F1E00D2ADBC /* Managed.swift */,
			);
			path = CoreData;
			sourceTree = "<group>";
		};
		B0CA553B2610131D007B9D22 /* GMailAPI */ = {
			isa = PBXGroup;
			children = (
				B0C847F325D573C2004A0861 /* Message.swift */,
				B01CC0842605A4B50050A157 /* Thread.swift */,
				B01CC0892605A5270050A157 /* History.swift */,
				B029EF1B26072338004043BF /* Label.swift */,
			);
			path = GMailAPI;
			sourceTree = "<group>";
		};
		CD26253CD34A6B08BA4B2A02 /* Frameworks */ = {
			isa = PBXGroup;
			children = (
				F82D6980158885214C643315 /* Pods_EmailClient.framework */,
				411045CFBD6B05899365CED4 /* Pods_EmailClient_EmailClientUITests.framework */,
				4F8C58EFDEA9FDD4D0CD5E33 /* Pods_EmailClientTests.framework */,
			);
			name = Frameworks;
			sourceTree = "<group>";
		};
		DC34BB1F467873DDDDB36F69 /* Pods */ = {
			isa = PBXGroup;
			children = (
				9F03F03FD61CF656B5016E9E /* Pods-EmailClient.debug.xcconfig */,
				C1F24DB09AC0A28B1F566B10 /* Pods-EmailClient.release.xcconfig */,
				66B8AF53C7409609D21A5DB2 /* Pods-EmailClient-EmailClientUITests.debug.xcconfig */,
				65013F0342BD6D4024037991 /* Pods-EmailClient-EmailClientUITests.release.xcconfig */,
				C37C13FF2B2185BCF1E12D5B /* Pods-EmailClientTests.debug.xcconfig */,
				BD13B9A2896D029BEE64B60E /* Pods-EmailClientTests.release.xcconfig */,
			);
			path = Pods;
			sourceTree = "<group>";
		};
/* End PBXGroup section */

/* Begin PBXNativeTarget section */
		B0834B7825D14D93008E1807 /* EmailClient */ = {
			isa = PBXNativeTarget;
			buildConfigurationList = B0834BA325D14D94008E1807 /* Build configuration list for PBXNativeTarget "EmailClient" */;
			buildPhases = (
				B1AF382A4AB827D7917C0E1F /* [CP] Check Pods Manifest.lock */,
				B0834B7525D14D93008E1807 /* Sources */,
				B0834B7625D14D93008E1807 /* Frameworks */,
				B0834B7725D14D93008E1807 /* Resources */,
				07707FF78144DC6B7797DD4E /* [CP] Embed Pods Frameworks */,
				AEE86BAD8AFB250DFE9A490C /* [CP] Copy Pods Resources */,
			);
			buildRules = (
			);
			dependencies = (
			);
			name = EmailClient;
			productName = EmailClient;
			productReference = B0834B7925D14D93008E1807 /* EmailClient.app */;
			productType = "com.apple.product-type.application";
		};
		B0834B8E25D14D94008E1807 /* EmailClientTests */ = {
			isa = PBXNativeTarget;
			buildConfigurationList = B0834BA625D14D94008E1807 /* Build configuration list for PBXNativeTarget "EmailClientTests" */;
			buildPhases = (
				8F44A2978EB32EBD1107E5C2 /* [CP] Check Pods Manifest.lock */,
				B0834B8B25D14D94008E1807 /* Sources */,
				B0834B8C25D14D94008E1807 /* Frameworks */,
				B0834B8D25D14D94008E1807 /* Resources */,
			);
			buildRules = (
			);
			dependencies = (
				B0834B9125D14D94008E1807 /* PBXTargetDependency */,
			);
			name = EmailClientTests;
			productName = EmailClientTests;
			productReference = B0834B8F25D14D94008E1807 /* EmailClientTests.xctest */;
			productType = "com.apple.product-type.bundle.unit-test";
		};
		B0834B9925D14D94008E1807 /* EmailClientUITests */ = {
			isa = PBXNativeTarget;
			buildConfigurationList = B0834BA925D14D94008E1807 /* Build configuration list for PBXNativeTarget "EmailClientUITests" */;
			buildPhases = (
				5507B66C8EFA9DBD1054852E /* [CP] Check Pods Manifest.lock */,
				B0834B9625D14D94008E1807 /* Sources */,
				B0834B9725D14D94008E1807 /* Frameworks */,
				B0834B9825D14D94008E1807 /* Resources */,
				367CD7D28B116B407152B5E9 /* [CP] Embed Pods Frameworks */,
				64CFC655B7F9288F6E781BA0 /* [CP] Copy Pods Resources */,
			);
			buildRules = (
			);
			dependencies = (
				B0834B9C25D14D94008E1807 /* PBXTargetDependency */,
			);
			name = EmailClientUITests;
			productName = EmailClientUITests;
			productReference = B0834B9A25D14D94008E1807 /* EmailClientUITests.xctest */;
			productType = "com.apple.product-type.bundle.ui-testing";
		};
/* End PBXNativeTarget section */

/* Begin PBXProject section */
		B0834B7125D14D93008E1807 /* Project object */ = {
			isa = PBXProject;
			attributes = {
				LastSwiftUpdateCheck = 1240;
				LastUpgradeCheck = 1240;
				TargetAttributes = {
					B0834B7825D14D93008E1807 = {
						CreatedOnToolsVersion = 12.4;
					};
					B0834B8E25D14D94008E1807 = {
						CreatedOnToolsVersion = 12.4;
						TestTargetID = B0834B7825D14D93008E1807;
					};
					B0834B9925D14D94008E1807 = {
						CreatedOnToolsVersion = 12.4;
						TestTargetID = B0834B7825D14D93008E1807;
					};
				};
			};
			buildConfigurationList = B0834B7425D14D93008E1807 /* Build configuration list for PBXProject "EmailClient" */;
			compatibilityVersion = "Xcode 9.3";
			developmentRegion = en;
			hasScannedForEncodings = 0;
			knownRegions = (
				en,
				Base,
			);
			mainGroup = B0834B7025D14D93008E1807;
			productRefGroup = B0834B7A25D14D93008E1807 /* Products */;
			projectDirPath = "";
			projectRoot = "";
			targets = (
				B0834B7825D14D93008E1807 /* EmailClient */,
				B0834B8E25D14D94008E1807 /* EmailClientTests */,
				B0834B9925D14D94008E1807 /* EmailClientUITests */,
			);
		};
/* End PBXProject section */

/* Begin PBXResourcesBuildPhase section */
		B0834B7725D14D93008E1807 /* Resources */ = {
			isa = PBXResourcesBuildPhase;
			buildActionMask = 2147483647;
			files = (
				B0834B8925D14D94008E1807 /* LaunchScreen.storyboard in Resources */,
				B00658AC25D15D8400EA3BCA /* GoogleService-Info.plist in Resources */,
				B0834B8625D14D94008E1807 /* Assets.xcassets in Resources */,
			);
			runOnlyForDeploymentPostprocessing = 0;
		};
		B0834B8D25D14D94008E1807 /* Resources */ = {
			isa = PBXResourcesBuildPhase;
			buildActionMask = 2147483647;
			files = (
			);
			runOnlyForDeploymentPostprocessing = 0;
		};
		B0834B9825D14D94008E1807 /* Resources */ = {
			isa = PBXResourcesBuildPhase;
			buildActionMask = 2147483647;
			files = (
			);
			runOnlyForDeploymentPostprocessing = 0;
		};
/* End PBXResourcesBuildPhase section */

/* Begin PBXShellScriptBuildPhase section */
		07707FF78144DC6B7797DD4E /* [CP] Embed Pods Frameworks */ = {
			isa = PBXShellScriptBuildPhase;
			buildActionMask = 2147483647;
			files = (
			);
			inputFileListPaths = (
				"${PODS_ROOT}/Target Support Files/Pods-EmailClient/Pods-EmailClient-frameworks-${CONFIGURATION}-input-files.xcfilelist",
			);
			name = "[CP] Embed Pods Frameworks";
			outputFileListPaths = (
				"${PODS_ROOT}/Target Support Files/Pods-EmailClient/Pods-EmailClient-frameworks-${CONFIGURATION}-output-files.xcfilelist",
			);
			runOnlyForDeploymentPostprocessing = 0;
			shellPath = /bin/sh;
			shellScript = "\"${PODS_ROOT}/Target Support Files/Pods-EmailClient/Pods-EmailClient-frameworks.sh\"\n";
			showEnvVarsInLog = 0;
		};
		367CD7D28B116B407152B5E9 /* [CP] Embed Pods Frameworks */ = {
			isa = PBXShellScriptBuildPhase;
			buildActionMask = 2147483647;
			files = (
			);
			inputFileListPaths = (
				"${PODS_ROOT}/Target Support Files/Pods-EmailClient-EmailClientUITests/Pods-EmailClient-EmailClientUITests-frameworks-${CONFIGURATION}-input-files.xcfilelist",
			);
			name = "[CP] Embed Pods Frameworks";
			outputFileListPaths = (
				"${PODS_ROOT}/Target Support Files/Pods-EmailClient-EmailClientUITests/Pods-EmailClient-EmailClientUITests-frameworks-${CONFIGURATION}-output-files.xcfilelist",
			);
			runOnlyForDeploymentPostprocessing = 0;
			shellPath = /bin/sh;
			shellScript = "\"${PODS_ROOT}/Target Support Files/Pods-EmailClient-EmailClientUITests/Pods-EmailClient-EmailClientUITests-frameworks.sh\"\n";
			showEnvVarsInLog = 0;
		};
		5507B66C8EFA9DBD1054852E /* [CP] Check Pods Manifest.lock */ = {
			isa = PBXShellScriptBuildPhase;
			buildActionMask = 2147483647;
			files = (
			);
			inputFileListPaths = (
			);
			inputPaths = (
				"${PODS_PODFILE_DIR_PATH}/Podfile.lock",
				"${PODS_ROOT}/Manifest.lock",
			);
			name = "[CP] Check Pods Manifest.lock";
			outputFileListPaths = (
			);
			outputPaths = (
				"$(DERIVED_FILE_DIR)/Pods-EmailClient-EmailClientUITests-checkManifestLockResult.txt",
			);
			runOnlyForDeploymentPostprocessing = 0;
			shellPath = /bin/sh;
			shellScript = "diff \"${PODS_PODFILE_DIR_PATH}/Podfile.lock\" \"${PODS_ROOT}/Manifest.lock\" > /dev/null\nif [ $? != 0 ] ; then\n    # print error to STDERR\n    echo \"error: The sandbox is not in sync with the Podfile.lock. Run 'pod install' or update your CocoaPods installation.\" >&2\n    exit 1\nfi\n# This output is used by Xcode 'outputs' to avoid re-running this script phase.\necho \"SUCCESS\" > \"${SCRIPT_OUTPUT_FILE_0}\"\n";
			showEnvVarsInLog = 0;
		};
		64CFC655B7F9288F6E781BA0 /* [CP] Copy Pods Resources */ = {
			isa = PBXShellScriptBuildPhase;
			buildActionMask = 2147483647;
			files = (
			);
			inputFileListPaths = (
				"${PODS_ROOT}/Target Support Files/Pods-EmailClient-EmailClientUITests/Pods-EmailClient-EmailClientUITests-resources-${CONFIGURATION}-input-files.xcfilelist",
			);
			name = "[CP] Copy Pods Resources";
			outputFileListPaths = (
				"${PODS_ROOT}/Target Support Files/Pods-EmailClient-EmailClientUITests/Pods-EmailClient-EmailClientUITests-resources-${CONFIGURATION}-output-files.xcfilelist",
			);
			runOnlyForDeploymentPostprocessing = 0;
			shellPath = /bin/sh;
			shellScript = "\"${PODS_ROOT}/Target Support Files/Pods-EmailClient-EmailClientUITests/Pods-EmailClient-EmailClientUITests-resources.sh\"\n";
			showEnvVarsInLog = 0;
		};
		8F44A2978EB32EBD1107E5C2 /* [CP] Check Pods Manifest.lock */ = {
			isa = PBXShellScriptBuildPhase;
			buildActionMask = 2147483647;
			files = (
			);
			inputFileListPaths = (
			);
			inputPaths = (
				"${PODS_PODFILE_DIR_PATH}/Podfile.lock",
				"${PODS_ROOT}/Manifest.lock",
			);
			name = "[CP] Check Pods Manifest.lock";
			outputFileListPaths = (
			);
			outputPaths = (
				"$(DERIVED_FILE_DIR)/Pods-EmailClientTests-checkManifestLockResult.txt",
			);
			runOnlyForDeploymentPostprocessing = 0;
			shellPath = /bin/sh;
			shellScript = "diff \"${PODS_PODFILE_DIR_PATH}/Podfile.lock\" \"${PODS_ROOT}/Manifest.lock\" > /dev/null\nif [ $? != 0 ] ; then\n    # print error to STDERR\n    echo \"error: The sandbox is not in sync with the Podfile.lock. Run 'pod install' or update your CocoaPods installation.\" >&2\n    exit 1\nfi\n# This output is used by Xcode 'outputs' to avoid re-running this script phase.\necho \"SUCCESS\" > \"${SCRIPT_OUTPUT_FILE_0}\"\n";
			showEnvVarsInLog = 0;
		};
		AEE86BAD8AFB250DFE9A490C /* [CP] Copy Pods Resources */ = {
			isa = PBXShellScriptBuildPhase;
			buildActionMask = 2147483647;
			files = (
			);
			inputFileListPaths = (
				"${PODS_ROOT}/Target Support Files/Pods-EmailClient/Pods-EmailClient-resources-${CONFIGURATION}-input-files.xcfilelist",
			);
			name = "[CP] Copy Pods Resources";
			outputFileListPaths = (
				"${PODS_ROOT}/Target Support Files/Pods-EmailClient/Pods-EmailClient-resources-${CONFIGURATION}-output-files.xcfilelist",
			);
			runOnlyForDeploymentPostprocessing = 0;
			shellPath = /bin/sh;
			shellScript = "\"${PODS_ROOT}/Target Support Files/Pods-EmailClient/Pods-EmailClient-resources.sh\"\n";
			showEnvVarsInLog = 0;
		};
		B1AF382A4AB827D7917C0E1F /* [CP] Check Pods Manifest.lock */ = {
			isa = PBXShellScriptBuildPhase;
			buildActionMask = 2147483647;
			files = (
			);
			inputFileListPaths = (
			);
			inputPaths = (
				"${PODS_PODFILE_DIR_PATH}/Podfile.lock",
				"${PODS_ROOT}/Manifest.lock",
			);
			name = "[CP] Check Pods Manifest.lock";
			outputFileListPaths = (
			);
			outputPaths = (
				"$(DERIVED_FILE_DIR)/Pods-EmailClient-checkManifestLockResult.txt",
			);
			runOnlyForDeploymentPostprocessing = 0;
			shellPath = /bin/sh;
			shellScript = "diff \"${PODS_PODFILE_DIR_PATH}/Podfile.lock\" \"${PODS_ROOT}/Manifest.lock\" > /dev/null\nif [ $? != 0 ] ; then\n    # print error to STDERR\n    echo \"error: The sandbox is not in sync with the Podfile.lock. Run 'pod install' or update your CocoaPods installation.\" >&2\n    exit 1\nfi\n# This output is used by Xcode 'outputs' to avoid re-running this script phase.\necho \"SUCCESS\" > \"${SCRIPT_OUTPUT_FILE_0}\"\n";
			showEnvVarsInLog = 0;
		};
/* End PBXShellScriptBuildPhase section */

/* Begin PBXSourcesBuildPhase section */
		B0834B7525D14D93008E1807 /* Sources */ = {
			isa = PBXSourcesBuildPhase;
			buildActionMask = 2147483647;
			files = (
				B0DC382E261763B10065B0B6 /* TableViewDataSource.swift in Sources */,
				B07D68FE261073AD00314FE3 /* Model.xcdatamodeld in Sources */,
				B058DF992612C547006B8491 /* AttachmentService.swift in Sources */,
				B0C847EC25D4D060004A0861 /* Networker.swift in Sources */,
				B0A7272B26141F1E00D2ADBC /* Managed.swift in Sources */,
				B034C410260D8232002731D0 /* DBService.swift in Sources */,
				B025A726260F7D2F00E2C771 /* Label+CoreDataClass.swift in Sources */,
				B04497DE26086CDC00CEF71A /* Attachment.swift in Sources */,
				B0A727802614D2FF00D2ADBC /* AttachmentsView.swift in Sources */,
				B07D68BE2610236800314FE3 /* MessageVM.swift in Sources */,
				B058DFA02612EDDB006B8491 /* AttachmentMO+CoreDataProperties.swift in Sources */,
				B034C418260D8339002731D0 /* MessageService.swift in Sources */,
				B0115CE525FF47FC008E8C00 /* ComposeViewController.swift in Sources */,
				B025A728260F7D2F00E2C771 /* Message+CoreDataClass.swift in Sources */,
				B01CC07D2605A2AF0050A157 /* GMailAPIService.swift in Sources */,
				B0A7273F26144D4D00D2ADBC /* CollectionViewDataSource.swift in Sources */,
				B025A71E260F5D2900E2C771 /* Thread+CoreDataProperties.swift in Sources */,
				B044EC5925E3418B00826E15 /* ThreadTableViewCell.swift in Sources */,
				B04497E3260872E700CEF71A /* AttachmentPreviewController.swift in Sources */,
				B01CC0972605D2520050A157 /* SyncService.swift in Sources */,
				B011E63225ECF88B002FDB34 /* LoginViewController.swift in Sources */,
				B04B64092611754D0076FD59 /* StateMO+CoreDataClass.swift in Sources */,
				B0C847F425D573C2004A0861 /* Message.swift in Sources */,
				B01CC08A2605A5270050A157 /* History.swift in Sources */,
				B01CC0852605A4B50050A157 /* Thread.swift in Sources */,
				B0834B7D25D14D93008E1807 /* AppDelegate.swift in Sources */,
				B04B640A2611754D0076FD59 /* StateMO+CoreDataProperties.swift in Sources */,
				B025A727260F7D2F00E2C771 /* Label+CoreDataProperties.swift in Sources */,
				B029EF1C26072338004043BF /* Label.swift in Sources */,
				B0115CE025FF3637008E8C00 /* MenuTableViewCell.swift in Sources */,
				B02ABB9A25F9F330000C2B15 /* ThreadDetailViewController.swift in Sources */,
				B01CC09C260628B70050A157 /* MessageViewCell.swift in Sources */,
				B0BB19B82600CFC7007A56B5 /* Constraints.swift in Sources */,
				B0A72736261446C300D2ADBC /* AttachmentCollectionViewCell.swift in Sources */,
				B0834B7F25D14D93008E1807 /* SceneDelegate.swift in Sources */,
				B011E63125ECF88B002FDB34 /* MenuViewController.swift in Sources */,
				B011E62F25ECF88B002FDB34 /* MessageComposeViewController.swift in Sources */,
				B058DFA82612EEEC006B8491 /* AttachmentVM.swift in Sources */,
				B07D68AE261022E100314FE3 /* ViewModel.swift in Sources */,
				B025A729260F7D2F00E2C771 /* Message+CoreDataProperties.swift in Sources */,
				B07D68B62610230100314FE3 /* ThreadVM.swift in Sources */,
				B06FBC0025E7B859008AB0A7 /* MessageComponentExtractor.swift in Sources */,
				B025A71D260F5D2900E2C771 /* Thread+CoreDataClass.swift in Sources */,
				B058DF9F2612EDDB006B8491 /* AttachmentMO+CoreDataClass.swift in Sources */,
				B011E62E25ECF88B002FDB34 /* FolderViewController.swift in Sources */,
				B0F51B7226039FA200785697 /* SplitViewController.swift in Sources */,
				B034C40B260D7B78002731D0 /* ThreadService.swift in Sources */,
			);
			runOnlyForDeploymentPostprocessing = 0;
		};
		B0834B8B25D14D94008E1807 /* Sources */ = {
			isa = PBXSourcesBuildPhase;
			buildActionMask = 2147483647;
			files = (
				B0834B9425D14D94008E1807 /* EmailClientTests.swift in Sources */,
			);
			runOnlyForDeploymentPostprocessing = 0;
		};
		B0834B9625D14D94008E1807 /* Sources */ = {
			isa = PBXSourcesBuildPhase;
			buildActionMask = 2147483647;
			files = (
				B0834B9F25D14D94008E1807 /* EmailClientUITests.swift in Sources */,
			);
			runOnlyForDeploymentPostprocessing = 0;
		};
/* End PBXSourcesBuildPhase section */

/* Begin PBXTargetDependency section */
		B0834B9125D14D94008E1807 /* PBXTargetDependency */ = {
			isa = PBXTargetDependency;
			target = B0834B7825D14D93008E1807 /* EmailClient */;
			targetProxy = B0834B9025D14D94008E1807 /* PBXContainerItemProxy */;
		};
		B0834B9C25D14D94008E1807 /* PBXTargetDependency */ = {
			isa = PBXTargetDependency;
			target = B0834B7825D14D93008E1807 /* EmailClient */;
			targetProxy = B0834B9B25D14D94008E1807 /* PBXContainerItemProxy */;
		};
/* End PBXTargetDependency section */

/* Begin PBXVariantGroup section */
		B0834B8725D14D94008E1807 /* LaunchScreen.storyboard */ = {
			isa = PBXVariantGroup;
			children = (
				B0834B8825D14D94008E1807 /* Base */,
			);
			name = LaunchScreen.storyboard;
			sourceTree = "<group>";
		};
/* End PBXVariantGroup section */

/* Begin XCBuildConfiguration section */
		B0834BA125D14D94008E1807 /* Debug */ = {
			isa = XCBuildConfiguration;
			buildSettings = {
				ALWAYS_SEARCH_USER_PATHS = NO;
				CLANG_ANALYZER_NONNULL = YES;
				CLANG_ANALYZER_NUMBER_OBJECT_CONVERSION = YES_AGGRESSIVE;
				CLANG_CXX_LANGUAGE_STANDARD = "gnu++14";
				CLANG_CXX_LIBRARY = "libc++";
				CLANG_ENABLE_MODULES = YES;
				CLANG_ENABLE_OBJC_ARC = YES;
				CLANG_ENABLE_OBJC_WEAK = YES;
				CLANG_WARN_BLOCK_CAPTURE_AUTORELEASING = YES;
				CLANG_WARN_BOOL_CONVERSION = YES;
				CLANG_WARN_COMMA = YES;
				CLANG_WARN_CONSTANT_CONVERSION = YES;
				CLANG_WARN_DEPRECATED_OBJC_IMPLEMENTATIONS = YES;
				CLANG_WARN_DIRECT_OBJC_ISA_USAGE = YES_ERROR;
				CLANG_WARN_DOCUMENTATION_COMMENTS = YES;
				CLANG_WARN_EMPTY_BODY = YES;
				CLANG_WARN_ENUM_CONVERSION = YES;
				CLANG_WARN_INFINITE_RECURSION = YES;
				CLANG_WARN_INT_CONVERSION = YES;
				CLANG_WARN_NON_LITERAL_NULL_CONVERSION = YES;
				CLANG_WARN_OBJC_IMPLICIT_RETAIN_SELF = YES;
				CLANG_WARN_OBJC_LITERAL_CONVERSION = YES;
				CLANG_WARN_OBJC_ROOT_CLASS = YES_ERROR;
				CLANG_WARN_QUOTED_INCLUDE_IN_FRAMEWORK_HEADER = YES;
				CLANG_WARN_RANGE_LOOP_ANALYSIS = YES;
				CLANG_WARN_STRICT_PROTOTYPES = YES;
				CLANG_WARN_SUSPICIOUS_MOVE = YES;
				CLANG_WARN_UNGUARDED_AVAILABILITY = YES_AGGRESSIVE;
				CLANG_WARN_UNREACHABLE_CODE = YES;
				CLANG_WARN__DUPLICATE_METHOD_MATCH = YES;
				COPY_PHASE_STRIP = NO;
				DEBUG_INFORMATION_FORMAT = dwarf;
				ENABLE_STRICT_OBJC_MSGSEND = YES;
				ENABLE_TESTABILITY = YES;
				GCC_C_LANGUAGE_STANDARD = gnu11;
				GCC_DYNAMIC_NO_PIC = NO;
				GCC_NO_COMMON_BLOCKS = YES;
				GCC_OPTIMIZATION_LEVEL = 0;
				GCC_PREPROCESSOR_DEFINITIONS = (
					"DEBUG=1",
					"$(inherited)",
				);
				GCC_WARN_64_TO_32_BIT_CONVERSION = YES;
				GCC_WARN_ABOUT_RETURN_TYPE = YES_ERROR;
				GCC_WARN_UNDECLARED_SELECTOR = YES;
				GCC_WARN_UNINITIALIZED_AUTOS = YES_AGGRESSIVE;
				GCC_WARN_UNUSED_FUNCTION = YES;
				GCC_WARN_UNUSED_VARIABLE = YES;
				IPHONEOS_DEPLOYMENT_TARGET = 14.4;
				MTL_ENABLE_DEBUG_INFO = INCLUDE_SOURCE;
				MTL_FAST_MATH = YES;
				ONLY_ACTIVE_ARCH = YES;
				SDKROOT = iphoneos;
				SWIFT_ACTIVE_COMPILATION_CONDITIONS = DEBUG;
				SWIFT_OPTIMIZATION_LEVEL = "-Onone";
			};
			name = Debug;
		};
		B0834BA225D14D94008E1807 /* Release */ = {
			isa = XCBuildConfiguration;
			buildSettings = {
				ALWAYS_SEARCH_USER_PATHS = NO;
				CLANG_ANALYZER_NONNULL = YES;
				CLANG_ANALYZER_NUMBER_OBJECT_CONVERSION = YES_AGGRESSIVE;
				CLANG_CXX_LANGUAGE_STANDARD = "gnu++14";
				CLANG_CXX_LIBRARY = "libc++";
				CLANG_ENABLE_MODULES = YES;
				CLANG_ENABLE_OBJC_ARC = YES;
				CLANG_ENABLE_OBJC_WEAK = YES;
				CLANG_WARN_BLOCK_CAPTURE_AUTORELEASING = YES;
				CLANG_WARN_BOOL_CONVERSION = YES;
				CLANG_WARN_COMMA = YES;
				CLANG_WARN_CONSTANT_CONVERSION = YES;
				CLANG_WARN_DEPRECATED_OBJC_IMPLEMENTATIONS = YES;
				CLANG_WARN_DIRECT_OBJC_ISA_USAGE = YES_ERROR;
				CLANG_WARN_DOCUMENTATION_COMMENTS = YES;
				CLANG_WARN_EMPTY_BODY = YES;
				CLANG_WARN_ENUM_CONVERSION = YES;
				CLANG_WARN_INFINITE_RECURSION = YES;
				CLANG_WARN_INT_CONVERSION = YES;
				CLANG_WARN_NON_LITERAL_NULL_CONVERSION = YES;
				CLANG_WARN_OBJC_IMPLICIT_RETAIN_SELF = YES;
				CLANG_WARN_OBJC_LITERAL_CONVERSION = YES;
				CLANG_WARN_OBJC_ROOT_CLASS = YES_ERROR;
				CLANG_WARN_QUOTED_INCLUDE_IN_FRAMEWORK_HEADER = YES;
				CLANG_WARN_RANGE_LOOP_ANALYSIS = YES;
				CLANG_WARN_STRICT_PROTOTYPES = YES;
				CLANG_WARN_SUSPICIOUS_MOVE = YES;
				CLANG_WARN_UNGUARDED_AVAILABILITY = YES_AGGRESSIVE;
				CLANG_WARN_UNREACHABLE_CODE = YES;
				CLANG_WARN__DUPLICATE_METHOD_MATCH = YES;
				COPY_PHASE_STRIP = NO;
				DEBUG_INFORMATION_FORMAT = "dwarf-with-dsym";
				ENABLE_NS_ASSERTIONS = NO;
				ENABLE_STRICT_OBJC_MSGSEND = YES;
				GCC_C_LANGUAGE_STANDARD = gnu11;
				GCC_NO_COMMON_BLOCKS = YES;
				GCC_WARN_64_TO_32_BIT_CONVERSION = YES;
				GCC_WARN_ABOUT_RETURN_TYPE = YES_ERROR;
				GCC_WARN_UNDECLARED_SELECTOR = YES;
				GCC_WARN_UNINITIALIZED_AUTOS = YES_AGGRESSIVE;
				GCC_WARN_UNUSED_FUNCTION = YES;
				GCC_WARN_UNUSED_VARIABLE = YES;
				IPHONEOS_DEPLOYMENT_TARGET = 14.4;
				MTL_ENABLE_DEBUG_INFO = NO;
				MTL_FAST_MATH = YES;
				SDKROOT = iphoneos;
				SWIFT_COMPILATION_MODE = wholemodule;
				SWIFT_OPTIMIZATION_LEVEL = "-O";
				VALIDATE_PRODUCT = YES;
			};
			name = Release;
		};
		B0834BA425D14D94008E1807 /* Debug */ = {
			isa = XCBuildConfiguration;
			baseConfigurationReference = 9F03F03FD61CF656B5016E9E /* Pods-EmailClient.debug.xcconfig */;
			buildSettings = {
				ASSETCATALOG_COMPILER_APPICON_NAME = AppIcon;
				ASSETCATALOG_COMPILER_GLOBAL_ACCENT_COLOR_NAME = AccentColor;
				CODE_SIGN_STYLE = Automatic;
				INFOPLIST_FILE = EmailClient/Info.plist;
				LD_RUNPATH_SEARCH_PATHS = (
					"$(inherited)",
					"@executable_path/Frameworks",
				);
				PRODUCT_BUNDLE_IDENTIFIER = com.example.EmailClient;
				PRODUCT_NAME = "$(TARGET_NAME)";
				SWIFT_VERSION = 5.0;
				TARGETED_DEVICE_FAMILY = "1,2";
			};
			name = Debug;
		};
		B0834BA525D14D94008E1807 /* Release */ = {
			isa = XCBuildConfiguration;
			baseConfigurationReference = C1F24DB09AC0A28B1F566B10 /* Pods-EmailClient.release.xcconfig */;
			buildSettings = {
				ASSETCATALOG_COMPILER_APPICON_NAME = AppIcon;
				ASSETCATALOG_COMPILER_GLOBAL_ACCENT_COLOR_NAME = AccentColor;
				CODE_SIGN_STYLE = Automatic;
				INFOPLIST_FILE = EmailClient/Info.plist;
				LD_RUNPATH_SEARCH_PATHS = (
					"$(inherited)",
					"@executable_path/Frameworks",
				);
				PRODUCT_BUNDLE_IDENTIFIER = com.example.EmailClient;
				PRODUCT_NAME = "$(TARGET_NAME)";
				SWIFT_VERSION = 5.0;
				TARGETED_DEVICE_FAMILY = "1,2";
			};
			name = Release;
		};
		B0834BA725D14D94008E1807 /* Debug */ = {
			isa = XCBuildConfiguration;
			baseConfigurationReference = C37C13FF2B2185BCF1E12D5B /* Pods-EmailClientTests.debug.xcconfig */;
			buildSettings = {
				ALWAYS_EMBED_SWIFT_STANDARD_LIBRARIES = YES;
				BUNDLE_LOADER = "$(TEST_HOST)";
				CODE_SIGN_STYLE = Automatic;
				INFOPLIST_FILE = EmailClientTests/Info.plist;
				IPHONEOS_DEPLOYMENT_TARGET = 14.4;
				LD_RUNPATH_SEARCH_PATHS = (
					"$(inherited)",
					"@executable_path/Frameworks",
					"@loader_path/Frameworks",
				);
				PRODUCT_BUNDLE_IDENTIFIER = com.example.EmailClientTests;
				PRODUCT_NAME = "$(TARGET_NAME)";
				SWIFT_VERSION = 5.0;
				TARGETED_DEVICE_FAMILY = "1,2";
				TEST_HOST = "$(BUILT_PRODUCTS_DIR)/EmailClient.app/EmailClient";
			};
			name = Debug;
		};
		B0834BA825D14D94008E1807 /* Release */ = {
			isa = XCBuildConfiguration;
			baseConfigurationReference = BD13B9A2896D029BEE64B60E /* Pods-EmailClientTests.release.xcconfig */;
			buildSettings = {
				ALWAYS_EMBED_SWIFT_STANDARD_LIBRARIES = YES;
				BUNDLE_LOADER = "$(TEST_HOST)";
				CODE_SIGN_STYLE = Automatic;
				INFOPLIST_FILE = EmailClientTests/Info.plist;
				IPHONEOS_DEPLOYMENT_TARGET = 14.4;
				LD_RUNPATH_SEARCH_PATHS = (
					"$(inherited)",
					"@executable_path/Frameworks",
					"@loader_path/Frameworks",
				);
				PRODUCT_BUNDLE_IDENTIFIER = com.example.EmailClientTests;
				PRODUCT_NAME = "$(TARGET_NAME)";
				SWIFT_VERSION = 5.0;
				TARGETED_DEVICE_FAMILY = "1,2";
				TEST_HOST = "$(BUILT_PRODUCTS_DIR)/EmailClient.app/EmailClient";
			};
			name = Release;
		};
		B0834BAA25D14D94008E1807 /* Debug */ = {
			isa = XCBuildConfiguration;
			baseConfigurationReference = 66B8AF53C7409609D21A5DB2 /* Pods-EmailClient-EmailClientUITests.debug.xcconfig */;
			buildSettings = {
				ALWAYS_EMBED_SWIFT_STANDARD_LIBRARIES = YES;
				CODE_SIGN_STYLE = Automatic;
				INFOPLIST_FILE = EmailClientUITests/Info.plist;
				LD_RUNPATH_SEARCH_PATHS = (
					"$(inherited)",
					"@executable_path/Frameworks",
					"@loader_path/Frameworks",
				);
				PRODUCT_BUNDLE_IDENTIFIER = com.example.EmailClientUITests;
				PRODUCT_NAME = "$(TARGET_NAME)";
				SWIFT_VERSION = 5.0;
				TARGETED_DEVICE_FAMILY = "1,2";
				TEST_TARGET_NAME = EmailClient;
			};
			name = Debug;
		};
		B0834BAB25D14D94008E1807 /* Release */ = {
			isa = XCBuildConfiguration;
			baseConfigurationReference = 65013F0342BD6D4024037991 /* Pods-EmailClient-EmailClientUITests.release.xcconfig */;
			buildSettings = {
				ALWAYS_EMBED_SWIFT_STANDARD_LIBRARIES = YES;
				CODE_SIGN_STYLE = Automatic;
				INFOPLIST_FILE = EmailClientUITests/Info.plist;
				LD_RUNPATH_SEARCH_PATHS = (
					"$(inherited)",
					"@executable_path/Frameworks",
					"@loader_path/Frameworks",
				);
				PRODUCT_BUNDLE_IDENTIFIER = com.example.EmailClientUITests;
				PRODUCT_NAME = "$(TARGET_NAME)";
				SWIFT_VERSION = 5.0;
				TARGETED_DEVICE_FAMILY = "1,2";
				TEST_TARGET_NAME = EmailClient;
			};
			name = Release;
		};
/* End XCBuildConfiguration section */

/* Begin XCConfigurationList section */
		B0834B7425D14D93008E1807 /* Build configuration list for PBXProject "EmailClient" */ = {
			isa = XCConfigurationList;
			buildConfigurations = (
				B0834BA125D14D94008E1807 /* Debug */,
				B0834BA225D14D94008E1807 /* Release */,
			);
			defaultConfigurationIsVisible = 0;
			defaultConfigurationName = Release;
		};
		B0834BA325D14D94008E1807 /* Build configuration list for PBXNativeTarget "EmailClient" */ = {
			isa = XCConfigurationList;
			buildConfigurations = (
				B0834BA425D14D94008E1807 /* Debug */,
				B0834BA525D14D94008E1807 /* Release */,
			);
			defaultConfigurationIsVisible = 0;
			defaultConfigurationName = Release;
		};
		B0834BA625D14D94008E1807 /* Build configuration list for PBXNativeTarget "EmailClientTests" */ = {
			isa = XCConfigurationList;
			buildConfigurations = (
				B0834BA725D14D94008E1807 /* Debug */,
				B0834BA825D14D94008E1807 /* Release */,
			);
			defaultConfigurationIsVisible = 0;
			defaultConfigurationName = Release;
		};
		B0834BA925D14D94008E1807 /* Build configuration list for PBXNativeTarget "EmailClientUITests" */ = {
			isa = XCConfigurationList;
			buildConfigurations = (
				B0834BAA25D14D94008E1807 /* Debug */,
				B0834BAB25D14D94008E1807 /* Release */,
			);
			defaultConfigurationIsVisible = 0;
			defaultConfigurationName = Release;
		};
/* End XCConfigurationList section */

/* Begin XCVersionGroup section */
		B07D68FC261073AD00314FE3 /* Model.xcdatamodeld */ = {
			isa = XCVersionGroup;
			children = (
				B07D68FD261073AD00314FE3 /* Model.xcdatamodel */,
			);
			currentVersion = B07D68FD261073AD00314FE3 /* Model.xcdatamodel */;
			path = Model.xcdatamodeld;
			sourceTree = "<group>";
			versionGroupType = wrapper.xcdatamodel;
		};
/* End XCVersionGroup section */
	};
	rootObject = B0834B7125D14D93008E1807 /* Project object */;
}
